<?xml version="1.0" encoding="utf-8"?>
<Project ToolsVersion="17.0" xmlns="http://schemas.microsoft.com/developer/msbuild/2003">
  <ItemGroup>
    <ClCompile Include="C:\Users\lolut\прога\с++\stag2\LoggerProject\LoggerDemo\src\main.cpp">
      <Filter>Source Files</Filter>
    </ClCompile>
  </ItemGroup>
  <ItemGroup>
    <CustomBuild Include="C:\Users\lolut\прога\с++\stag2\LoggerProject\LoggerDemo\CMakeLists.txt" />
  </ItemGroup>
  <ItemGroup>
    <Filter Include="Source Files">
      <UniqueIdentifier>{B67E0021-9806-3366-A498-860EEAACFE45}</UniqueIdentifier>
    </Filter>
  </ItemGroup>
</Project>
